
Microsoft Visual Studio Solution File, Format Version 12.00
# Visual Studio Version 17
VisualStudioVersion = 17.1.32421.90
MinimumVisualStudioVersion = 10.0.40219.1
Project("{9A19103F-16F7-4668-BE54-9A1E7A4F7556}") = "RepositoryLearn", "RepositoryLearn\RepositoryLearn.csproj", "{C5366478-F17F-495D-A12D-81C542F51C0B}"
EndProject
Project("{9A19103F-16F7-4668-BE54-9A1E7A4F7556}") = "Learn.EF", "Learn.EF\Learn.EF.csproj", "{72FE1AB7-4434-498B-844F-54F044CE1874}"
EndProject
Project("{9A19103F-16F7-4668-BE54-9A1E7A4F7556}") = "Learn.Models", "Learn.Models\Learn.Models.csproj", "{7B42ACAE-7AB4-43A2-8C80-3ADA32D9D8D9}"
EndProject
Project("{9A19103F-16F7-4668-BE54-9A1E7A4F7556}") = "Learn.Abstractions", "Learn.Abstractions\Learn.Abstractions.csproj", "{8ACF2193-DD71-4D81-8EFF-8AAE941A9D4B}"
EndProject
Project("{9A19103F-16F7-4668-BE54-9A1E7A4F7556}") = "Learn.Dapper", "Learn.Dapper\Learn.Dapper.csproj", "{C0EB8588-8B10-4486-B177-AC3BA75434D3}"
EndProject
Project("{9A19103F-16F7-4668-BE54-9A1E7A4F7556}") = "Learn.NHibernate", "Learn.NHibernate\Learn.NHibernate.csproj", "{190DF4F2-2DFC-4F44-9C60-928470FE561C}"
EndProject
Project("{9A19103F-16F7-4668-BE54-9A1E7A4F7556}") = "Learn.Web", "Learn.Web\Learn.Web.csproj", "{C14E3D8C-7808-463A-A983-7241C856735B}"
EndProject
Project("{9A19103F-16F7-4668-BE54-9A1E7A4F7556}") = "Learn.Undo", "Learn.Undo\Learn.Undo.csproj", "{975E26F7-50D2-4338-89FB-8EF4AA98AA9B}"
EndProject
Project("{FAE04EC0-301F-11D3-BF4B-00C04F79EFBC}") = "Learn.Tests", "Learn.Tests\Learn.Tests.csproj", "{98A8E6AF-546F-4DC3-8859-7B462DE78EEB}"
EndProject
Global
	GlobalSection(SolutionConfigurationPlatforms) = preSolution
		Debug|Any CPU = Debug|Any CPU
		Release|Any CPU = Release|Any CPU
	EndGlobalSection
	GlobalSection(ProjectConfigurationPlatforms) = postSolution
		{C5366478-F17F-495D-A12D-81C542F51C0B}.Debug|Any CPU.ActiveCfg = Debug|Any CPU
		{C5366478-F17F-495D-A12D-81C542F51C0B}.Debug|Any CPU.Build.0 = Debug|Any CPU
		{C5366478-F17F-495D-A12D-81C542F51C0B}.Release|Any CPU.ActiveCfg = Release|Any CPU
		{C5366478-F17F-495D-A12D-81C542F51C0B}.Release|Any CPU.Build.0 = Release|Any CPU
		{72FE1AB7-4434-498B-844F-54F044CE1874}.Debug|Any CPU.ActiveCfg = Debug|Any CPU
		{72FE1AB7-4434-498B-844F-54F044CE1874}.Debug|Any CPU.Build.0 = Debug|Any CPU
		{72FE1AB7-4434-498B-844F-54F044CE1874}.Release|Any CPU.ActiveCfg = Release|Any CPU
		{72FE1AB7-4434-498B-844F-54F044CE1874}.Release|Any CPU.Build.0 = Release|Any CPU
		{7B42ACAE-7AB4-43A2-8C80-3ADA32D9D8D9}.Debug|Any CPU.ActiveCfg = Debug|Any CPU
		{7B42ACAE-7AB4-43A2-8C80-3ADA32D9D8D9}.Debug|Any CPU.Build.0 = Debug|Any CPU
		{7B42ACAE-7AB4-43A2-8C80-3ADA32D9D8D9}.Release|Any CPU.ActiveCfg = Release|Any CPU
		{7B42ACAE-7AB4-43A2-8C80-3ADA32D9D8D9}.Release|Any CPU.Build.0 = Release|Any CPU
		{8ACF2193-DD71-4D81-8EFF-8AAE941A9D4B}.Debug|Any CPU.ActiveCfg = Debug|Any CPU
		{8ACF2193-DD71-4D81-8EFF-8AAE941A9D4B}.Debug|Any CPU.Build.0 = Debug|Any CPU
		{8ACF2193-DD71-4D81-8EFF-8AAE941A9D4B}.Release|Any CPU.ActiveCfg = Release|Any CPU
		{8ACF2193-DD71-4D81-8EFF-8AAE941A9D4B}.Release|Any CPU.Build.0 = Release|Any CPU
		{C0EB8588-8B10-4486-B177-AC3BA75434D3}.Debug|Any CPU.ActiveCfg = Debug|Any CPU
		{C0EB8588-8B10-4486-B177-AC3BA75434D3}.Debug|Any CPU.Build.0 = Debug|Any CPU
		{C0EB8588-8B10-4486-B177-AC3BA75434D3}.Release|Any CPU.ActiveCfg = Release|Any CPU
		{C0EB8588-8B10-4486-B177-AC3BA75434D3}.Release|Any CPU.Build.0 = Release|Any CPU
		{190DF4F2-2DFC-4F44-9C60-928470FE561C}.Debug|Any CPU.ActiveCfg = Debug|Any CPU
		{190DF4F2-2DFC-4F44-9C60-928470FE561C}.Debug|Any CPU.Build.0 = Debug|Any CPU
		{190DF4F2-2DFC-4F44-9C60-928470FE561C}.Release|Any CPU.ActiveCfg = Release|Any CPU
		{190DF4F2-2DFC-4F44-9C60-928470FE561C}.Release|Any CPU.Build.0 = Release|Any CPU
		{C14E3D8C-7808-463A-A983-7241C856735B}.Debug|Any CPU.ActiveCfg = Debug|Any CPU
		{C14E3D8C-7808-463A-A983-7241C856735B}.Debug|Any CPU.Build.0 = Debug|Any CPU
		{C14E3D8C-7808-463A-A983-7241C856735B}.Release|Any CPU.ActiveCfg = Release|Any CPU
		{C14E3D8C-7808-463A-A983-7241C856735B}.Release|Any CPU.Build.0 = Release|Any CPU
		{975E26F7-50D2-4338-89FB-8EF4AA98AA9B}.Debug|Any CPU.ActiveCfg = Debug|Any CPU
		{975E26F7-50D2-4338-89FB-8EF4AA98AA9B}.Debug|Any CPU.Build.0 = Debug|Any CPU
		{975E26F7-50D2-4338-89FB-8EF4AA98AA9B}.Release|Any CPU.ActiveCfg = Release|Any CPU
		{975E26F7-50D2-4338-89FB-8EF4AA98AA9B}.Release|Any CPU.Build.0 = Release|Any CPU
		{98A8E6AF-546F-4DC3-8859-7B462DE78EEB}.Debug|Any CPU.ActiveCfg = Debug|Any CPU
		{98A8E6AF-546F-4DC3-8859-7B462DE78EEB}.Debug|Any CPU.Build.0 = Debug|Any CPU
		{98A8E6AF-546F-4DC3-8859-7B462DE78EEB}.Release|Any CPU.ActiveCfg = Release|Any CPU
		{98A8E6AF-546F-4DC3-8859-7B462DE78EEB}.Release|Any CPU.Build.0 = Release|Any CPU
	EndGlobalSection
	GlobalSection(SolutionProperties) = preSolution
		HideSolutionNode = FALSE
	EndGlobalSection
	GlobalSection(ExtensibilityGlobals) = postSolution
		SolutionGuid = {F14D4244-AA60-4967-BA8C-4F74D0A026E2}
	EndGlobalSection
EndGlobal
